Microsoft Visual Studio Solution File, Format Version 12.00
# Visual Studio Version 16
VisualStudioVersion = 16.0.0.0
MinimumVisualStudioVersion = 16.0.0.0
Project("{FAE04EC0-301F-11D3-BF4B-00C04F79EFBC}") = "Web1Apps", "Web1Apps\Web1Apps.csproj", "{BB8BAB12-5D92-4F90-9A96-5065382B922B}"
EndProject
Global
	GlobalSection(SolutionConfigurationPlatforms) = preSolution
		Debug|Any CPU = Debug|Any CPU
		Release|Any CPU = Release|Any CPU
	EndGlobalSection
	GlobalSection(ProjectConfigurationPlatforms) = postSolution
		{BB8BAB12-5D92-4F90-9A96-5065382B922B}.Debug|Any CPU.ActiveCfg = Debug|Any CPU
		{BB8BAB12-5D92-4F90-9A96-5065382B922B}.Debug|Any CPU.Build.0 = Debug|Any CPU
		{BB8BAB12-5D92-4F90-9A96-5065382B922B}.Release|Any CPU.ActiveCfg = Release|Any CPU
		{BB8BAB12-5D92-4F90-9A96-5065382B922B}.Release|Any CPU.Build.0 = Release|Any CPU
	EndGlobalSection
	GlobalSection(SolutionProperties) = preSolution
		HideSolutionNode = FALSE
	EndGlobalSection
	GlobalSection(ExtensibilityGlobals) = postSolution
		SolutionGuid = {3A2338D5-800E-4C19-8EA5-192CD8C3086C}
	EndGlobalSection
EndGlobal
